
Microsoft Visual Studio Solution File, Format Version 12.00
# Visual Studio Version 17
VisualStudioVersion = 17.3.32811.315
MinimumVisualStudioVersion = 10.0.40219.1
Project("{FAE04EC0-301F-11D3-BF4B-00C04F79EFBC}") = "securityBasedPrograms", "securityBasedPrograms\securityBasedPrograms.csproj", "{459AC44D-E7E6-4630-98C4-CEFF73B69AA2}"
EndProject
Global
	GlobalSection(SolutionConfigurationPlatforms) = preSolution
		Debug|Any CPU = Debug|Any CPU
		Release|Any CPU = Release|Any CPU
	EndGlobalSection
	GlobalSection(ProjectConfigurationPlatforms) = postSolution
		{459AC44D-E7E6-4630-98C4-CEFF73B69AA2}.Debug|Any CPU.ActiveCfg = Debug|Any CPU
		{459AC44D-E7E6-4630-98C4-CEFF73B69AA2}.Debug|Any CPU.Build.0 = Debug|Any CPU
		{459AC44D-E7E6-4630-98C4-CEFF73B69AA2}.Release|Any CPU.ActiveCfg = Release|Any CPU
		{459AC44D-E7E6-4630-98C4-CEFF73B69AA2}.Release|Any CPU.Build.0 = Release|Any CPU
	EndGlobalSection
	GlobalSection(SolutionProperties) = preSolution
		HideSolutionNode = FALSE
	EndGlobalSection
	GlobalSection(ExtensibilityGlobals) = postSolution
		SolutionGuid = {EF9F3570-FA33-4F3C-A495-987781F374E9}
	EndGlobalSection
EndGlobal
